{
  "nodes": {
    "mozilla-overlay": {
      "flake": false,
      "locked": {
        "lastModified": 1650459918,
        "narHash": "sha256-sroCK+QJTmoXtcRkwZyKOP9iAYOPID2Bwdxn4GkG16w=",
        "owner": "mozilla",
        "repo": "nixpkgs-mozilla",
        "rev": "e1f7540fc0a8b989fb8cf701dc4fd7fc76bcf168",
        "type": "github"
      },
      "original": {
        "owner": "mozilla",
        "repo": "nixpkgs-mozilla",
        "type": "github"
      }
    },
    "nixpkgs": {
      "locked": {
        "lastModified": 1653920503,
        "narHash": "sha256-BBeCZwZImtjP3oYy4WogkQYy5OxNyfNciVSc1AfZgLQ=",
        "owner": "NixOS",
        "repo": "nixpkgs",
        "rev": "a634c8f6c1fbf9b9730e01764999666f3436f10a",
        "type": "github"
      },
      "original": {
        "owner": "NixOS",
        "ref": "nixos-22.05",
        "repo": "nixpkgs",
        "type": "github"
      }
    },
    "root": {
      "inputs": {
        "mozilla-overlay": "mozilla-overlay",
        "nixpkgs": "nixpkgs"
      }
    }
  },
  "root": "root",
  "version": 7
}
